
Microsoft Visual Studio Solution File, Format Version 12.00
# Visual Studio Version 16
VisualStudioVersion = 16.0.28729.10
MinimumVisualStudioVersion = 10.0.40219.1
Project("{FAE04EC0-301F-11D3-BF4B-00C04F79EFBC}") = "Teste", "Teste\Teste.csproj", "{EBF3FBC6-E0D8-45F2-9A49-49EF363DECE7}"
EndProject
Project("{FAE04EC0-301F-11D3-BF4B-00C04F79EFBC}") = "EstudandoString", "EstudandoString\EstudandoString.csproj", "{B3834E2E-D26A-46A7-992C-41AA110683BD}"
EndProject
Project("{FAE04EC0-301F-11D3-BF4B-00C04F79EFBC}") = "EstudandoStringConstrutores", "EstudandoStringConstrutores\EstudandoStringConstrutores.csproj", "{C918E31F-5C7F-4111-9B1F-C20E2F55151A}"
EndProject
Project("{FAE04EC0-301F-11D3-BF4B-00C04F79EFBC}") = "EstudandoStringFuncoes", "EstudandoStringFuncoes\EstudandoStringFuncoes.csproj", "{8E33CC01-7084-4C96-B58F-52642C99D6E1}"
EndProject
Project("{FAE04EC0-301F-11D3-BF4B-00C04F79EFBC}") = "EstudandoStringBuilder", "EstudandoStringBuilder\EstudandoStringBuilder.csproj", "{9BC0EB45-4647-4DF2-B427-0C29263FF32E}"
EndProject
Project("{FAE04EC0-301F-11D3-BF4B-00C04F79EFBC}") = "EstudandoTiposAnonimos", "EstudandoTiposAnonimos\EstudandoTiposAnonimos.csproj", "{15F51AD3-4555-4538-9E55-24249495AE5D}"
EndProject
Project("{FAE04EC0-301F-11D3-BF4B-00C04F79EFBC}") = "EstudandoTypeCode", "EstudandoTypeCode\EstudandoTypeCode.csproj", "{777C9BA9-7B28-472E-9060-B7F289C7251D}"
EndProject
Project("{FAE04EC0-301F-11D3-BF4B-00C04F79EFBC}") = "EstudandoExpressoesLambda", "EstudandoExpressoesLambda\EstudandoExpressoesLambda.csproj", "{90C4BCBF-D9C4-4D59-AE94-954D1D956FA4}"
EndProject
Project("{FAE04EC0-301F-11D3-BF4B-00C04F79EFBC}") = "EstudandoByte", "EstudandoByte\EstudandoByte.csproj", "{D45A54C6-2FA2-4D2D-AFCF-EF1F2C6929D2}"
EndProject
Project("{FAE04EC0-301F-11D3-BF4B-00C04F79EFBC}") = "EstudandoGoToBreak", "EstudandoGoToBreak\EstudandoGoToBreak.csproj", "{45C85DE4-FE1F-4BDC-917D-2C036947645B}"
EndProject
Project("{FAE04EC0-301F-11D3-BF4B-00C04F79EFBC}") = "EstudandoEnum", "EstudandoEnum\EstudandoEnum.csproj", "{109F2E90-A39D-4337-8B44-FBC63C31EE16}"
EndProject
Project("{FAE04EC0-301F-11D3-BF4B-00C04F79EFBC}") = "EstudandoDouble", "EstudandoDouble\EstudandoDouble.csproj", "{E6836B8B-8E41-4CDB-B705-41AD79E34A00}"
EndProject
Project("{FAE04EC0-301F-11D3-BF4B-00C04F79EFBC}") = "EstudandoDecimal", "EstudandoDecimal\EstudandoDecimal.csproj", "{64D1FF3B-5060-4691-9835-F5E1ADD0F490}"
EndProject
Project("{FAE04EC0-301F-11D3-BF4B-00C04F79EFBC}") = "EstudandoConstrutor", "EstudandoConstrutor\EstudandoConstrutor.csproj", "{598B201B-2FEE-467F-885E-E313CD67BB58}"
EndProject
Project("{FAE04EC0-301F-11D3-BF4B-00C04F79EFBC}") = "EstudandoMath", "EstudandoMath\EstudandoMath.csproj", "{308D7F49-2A9C-4611-AF4A-F025B93AB119}"
EndProject
Project("{FAE04EC0-301F-11D3-BF4B-00C04F79EFBC}") = "EstudandoChar", "EstudandoChar\EstudandoChar.csproj", "{1344D174-9675-4484-BC7D-1ADF0254D510}"
EndProject
Project("{FAE04EC0-301F-11D3-BF4B-00C04F79EFBC}") = "EstudandoGoTo", "EstudandoGoTo\EstudandoGoTo.csproj", "{DACE7CFF-2B4D-468E-A457-56DF6FD31774}"
EndProject
Project("{FAE04EC0-301F-11D3-BF4B-00C04F79EFBC}") = "IntroducaoNetFramework", "IntroducaoNetFramework\IntroducaoNetFramework.csproj", "{D574090E-6EC3-464D-9525-E29588BE2E9B}"
EndProject
Global
	GlobalSection(SolutionConfigurationPlatforms) = preSolution
		Debug|Any CPU = Debug|Any CPU
		Release|Any CPU = Release|Any CPU
	EndGlobalSection
	GlobalSection(ProjectConfigurationPlatforms) = postSolution
		{EBF3FBC6-E0D8-45F2-9A49-49EF363DECE7}.Debug|Any CPU.ActiveCfg = Debug|Any CPU
		{EBF3FBC6-E0D8-45F2-9A49-49EF363DECE7}.Debug|Any CPU.Build.0 = Debug|Any CPU
		{EBF3FBC6-E0D8-45F2-9A49-49EF363DECE7}.Release|Any CPU.ActiveCfg = Release|Any CPU
		{EBF3FBC6-E0D8-45F2-9A49-49EF363DECE7}.Release|Any CPU.Build.0 = Release|Any CPU
		{B3834E2E-D26A-46A7-992C-41AA110683BD}.Debug|Any CPU.ActiveCfg = Debug|Any CPU
		{B3834E2E-D26A-46A7-992C-41AA110683BD}.Debug|Any CPU.Build.0 = Debug|Any CPU
		{B3834E2E-D26A-46A7-992C-41AA110683BD}.Release|Any CPU.ActiveCfg = Release|Any CPU
		{B3834E2E-D26A-46A7-992C-41AA110683BD}.Release|Any CPU.Build.0 = Release|Any CPU
		{C918E31F-5C7F-4111-9B1F-C20E2F55151A}.Debug|Any CPU.ActiveCfg = Debug|Any CPU
		{C918E31F-5C7F-4111-9B1F-C20E2F55151A}.Debug|Any CPU.Build.0 = Debug|Any CPU
		{C918E31F-5C7F-4111-9B1F-C20E2F55151A}.Release|Any CPU.ActiveCfg = Release|Any CPU
		{C918E31F-5C7F-4111-9B1F-C20E2F55151A}.Release|Any CPU.Build.0 = Release|Any CPU
		{8E33CC01-7084-4C96-B58F-52642C99D6E1}.Debug|Any CPU.ActiveCfg = Debug|Any CPU
		{8E33CC01-7084-4C96-B58F-52642C99D6E1}.Debug|Any CPU.Build.0 = Debug|Any CPU
		{8E33CC01-7084-4C96-B58F-52642C99D6E1}.Release|Any CPU.ActiveCfg = Release|Any CPU
		{8E33CC01-7084-4C96-B58F-52642C99D6E1}.Release|Any CPU.Build.0 = Release|Any CPU
		{9BC0EB45-4647-4DF2-B427-0C29263FF32E}.Debug|Any CPU.ActiveCfg = Debug|Any CPU
		{9BC0EB45-4647-4DF2-B427-0C29263FF32E}.Debug|Any CPU.Build.0 = Debug|Any CPU
		{9BC0EB45-4647-4DF2-B427-0C29263FF32E}.Release|Any CPU.ActiveCfg = Release|Any CPU
		{9BC0EB45-4647-4DF2-B427-0C29263FF32E}.Release|Any CPU.Build.0 = Release|Any CPU
		{15F51AD3-4555-4538-9E55-24249495AE5D}.Debug|Any CPU.ActiveCfg = Debug|Any CPU
		{15F51AD3-4555-4538-9E55-24249495AE5D}.Debug|Any CPU.Build.0 = Debug|Any CPU
		{15F51AD3-4555-4538-9E55-24249495AE5D}.Release|Any CPU.ActiveCfg = Release|Any CPU
		{15F51AD3-4555-4538-9E55-24249495AE5D}.Release|Any CPU.Build.0 = Release|Any CPU
		{777C9BA9-7B28-472E-9060-B7F289C7251D}.Debug|Any CPU.ActiveCfg = Debug|Any CPU
		{777C9BA9-7B28-472E-9060-B7F289C7251D}.Debug|Any CPU.Build.0 = Debug|Any CPU
		{777C9BA9-7B28-472E-9060-B7F289C7251D}.Release|Any CPU.ActiveCfg = Release|Any CPU
		{777C9BA9-7B28-472E-9060-B7F289C7251D}.Release|Any CPU.Build.0 = Release|Any CPU
		{90C4BCBF-D9C4-4D59-AE94-954D1D956FA4}.Debug|Any CPU.ActiveCfg = Debug|Any CPU
		{90C4BCBF-D9C4-4D59-AE94-954D1D956FA4}.Debug|Any CPU.Build.0 = Debug|Any CPU
		{90C4BCBF-D9C4-4D59-AE94-954D1D956FA4}.Release|Any CPU.ActiveCfg = Release|Any CPU
		{90C4BCBF-D9C4-4D59-AE94-954D1D956FA4}.Release|Any CPU.Build.0 = Release|Any CPU
		{D45A54C6-2FA2-4D2D-AFCF-EF1F2C6929D2}.Debug|Any CPU.ActiveCfg = Debug|Any CPU
		{D45A54C6-2FA2-4D2D-AFCF-EF1F2C6929D2}.Debug|Any CPU.Build.0 = Debug|Any CPU
		{D45A54C6-2FA2-4D2D-AFCF-EF1F2C6929D2}.Release|Any CPU.ActiveCfg = Release|Any CPU
		{D45A54C6-2FA2-4D2D-AFCF-EF1F2C6929D2}.Release|Any CPU.Build.0 = Release|Any CPU
		{45C85DE4-FE1F-4BDC-917D-2C036947645B}.Debug|Any CPU.ActiveCfg = Debug|Any CPU
		{45C85DE4-FE1F-4BDC-917D-2C036947645B}.Debug|Any CPU.Build.0 = Debug|Any CPU
		{45C85DE4-FE1F-4BDC-917D-2C036947645B}.Release|Any CPU.ActiveCfg = Release|Any CPU
		{45C85DE4-FE1F-4BDC-917D-2C036947645B}.Release|Any CPU.Build.0 = Release|Any CPU
		{109F2E90-A39D-4337-8B44-FBC63C31EE16}.Debug|Any CPU.ActiveCfg = Debug|Any CPU
		{109F2E90-A39D-4337-8B44-FBC63C31EE16}.Debug|Any CPU.Build.0 = Debug|Any CPU
		{109F2E90-A39D-4337-8B44-FBC63C31EE16}.Release|Any CPU.ActiveCfg = Release|Any CPU
		{109F2E90-A39D-4337-8B44-FBC63C31EE16}.Release|Any CPU.Build.0 = Release|Any CPU
		{E6836B8B-8E41-4CDB-B705-41AD79E34A00}.Debug|Any CPU.ActiveCfg = Debug|Any CPU
		{E6836B8B-8E41-4CDB-B705-41AD79E34A00}.Debug|Any CPU.Build.0 = Debug|Any CPU
		{E6836B8B-8E41-4CDB-B705-41AD79E34A00}.Release|Any CPU.ActiveCfg = Release|Any CPU
		{E6836B8B-8E41-4CDB-B705-41AD79E34A00}.Release|Any CPU.Build.0 = Release|Any CPU
		{64D1FF3B-5060-4691-9835-F5E1ADD0F490}.Debug|Any CPU.ActiveCfg = Debug|Any CPU
		{64D1FF3B-5060-4691-9835-F5E1ADD0F490}.Debug|Any CPU.Build.0 = Debug|Any CPU
		{64D1FF3B-5060-4691-9835-F5E1ADD0F490}.Release|Any CPU.ActiveCfg = Release|Any CPU
		{64D1FF3B-5060-4691-9835-F5E1ADD0F490}.Release|Any CPU.Build.0 = Release|Any CPU
		{598B201B-2FEE-467F-885E-E313CD67BB58}.Debug|Any CPU.ActiveCfg = Debug|Any CPU
		{598B201B-2FEE-467F-885E-E313CD67BB58}.Debug|Any CPU.Build.0 = Debug|Any CPU
		{598B201B-2FEE-467F-885E-E313CD67BB58}.Release|Any CPU.ActiveCfg = Release|Any CPU
		{598B201B-2FEE-467F-885E-E313CD67BB58}.Release|Any CPU.Build.0 = Release|Any CPU
		{308D7F49-2A9C-4611-AF4A-F025B93AB119}.Debug|Any CPU.ActiveCfg = Debug|Any CPU
		{308D7F49-2A9C-4611-AF4A-F025B93AB119}.Debug|Any CPU.Build.0 = Debug|Any CPU
		{308D7F49-2A9C-4611-AF4A-F025B93AB119}.Release|Any CPU.ActiveCfg = Release|Any CPU
		{308D7F49-2A9C-4611-AF4A-F025B93AB119}.Release|Any CPU.Build.0 = Release|Any CPU
		{1344D174-9675-4484-BC7D-1ADF0254D510}.Debug|Any CPU.ActiveCfg = Debug|Any CPU
		{1344D174-9675-4484-BC7D-1ADF0254D510}.Debug|Any CPU.Build.0 = Debug|Any CPU
		{1344D174-9675-4484-BC7D-1ADF0254D510}.Release|Any CPU.ActiveCfg = Release|Any CPU
		{1344D174-9675-4484-BC7D-1ADF0254D510}.Release|Any CPU.Build.0 = Release|Any CPU
		{DACE7CFF-2B4D-468E-A457-56DF6FD31774}.Debug|Any CPU.ActiveCfg = Debug|Any CPU
		{DACE7CFF-2B4D-468E-A457-56DF6FD31774}.Debug|Any CPU.Build.0 = Debug|Any CPU
		{DACE7CFF-2B4D-468E-A457-56DF6FD31774}.Release|Any CPU.ActiveCfg = Release|Any CPU
		{DACE7CFF-2B4D-468E-A457-56DF6FD31774}.Release|Any CPU.Build.0 = Release|Any CPU
		{D574090E-6EC3-464D-9525-E29588BE2E9B}.Debug|Any CPU.ActiveCfg = Debug|Any CPU
		{D574090E-6EC3-464D-9525-E29588BE2E9B}.Debug|Any CPU.Build.0 = Debug|Any CPU
		{D574090E-6EC3-464D-9525-E29588BE2E9B}.Release|Any CPU.ActiveCfg = Release|Any CPU
		{D574090E-6EC3-464D-9525-E29588BE2E9B}.Release|Any CPU.Build.0 = Release|Any CPU
	EndGlobalSection
	GlobalSection(SolutionProperties) = preSolution
		HideSolutionNode = FALSE
	EndGlobalSection
	GlobalSection(ExtensibilityGlobals) = postSolution
		SolutionGuid = {61974B32-6599-447D-803F-EE3B93249E6E}
	EndGlobalSection
EndGlobal
