
Microsoft Visual Studio Solution File, Format Version 12.00
# Visual Studio Version 16
VisualStudioVersion = 16.0.28729.10
MinimumVisualStudioVersion = 10.0.40219.1
Project("{FAE04EC0-301F-11D3-BF4B-00C04F79EFBC}") = "Teste", "Teste\Teste.csproj", "{EBF3FBC6-E0D8-45F2-9A49-49EF363DECE7}"
EndProject
Project("{FAE04EC0-301F-11D3-BF4B-00C04F79EFBC}") = "Estudando.TipoString", "Estudando.TipoString\Estudando.TipoString.csproj", "{B3834E2E-D26A-46A7-992C-41AA110683BD}"
EndProject
Project("{FAE04EC0-301F-11D3-BF4B-00C04F79EFBC}") = "EstudandoStringConstrutores", "EstudandoStringConstrutores\EstudandoStringConstrutores.csproj", "{C918E31F-5C7F-4111-9B1F-C20E2F55151A}"
EndProject
Project("{FAE04EC0-301F-11D3-BF4B-00C04F79EFBC}") = "EstudandoStringFuncoes", "EstudandoStringFuncoes\EstudandoStringFuncoes.csproj", "{8E33CC01-7084-4C96-B58F-52642C99D6E1}"
EndProject
Project("{FAE04EC0-301F-11D3-BF4B-00C04F79EFBC}") = "EstudandoStringBuilder", "EstudandoStringBuilder\EstudandoStringBuilder.csproj", "{9BC0EB45-4647-4DF2-B427-0C29263FF32E}"
EndProject
Project("{FAE04EC0-301F-11D3-BF4B-00C04F79EFBC}") = "Estudando.TiposAnonimos", "Estudando.TiposAnonimos\Estudando.TiposAnonimos.csproj", "{15F51AD3-4555-4538-9E55-24249495AE5D}"
EndProject
Project("{FAE04EC0-301F-11D3-BF4B-00C04F79EFBC}") = "Estudando.TypeCode", "Estudando.TypeCode\Estudando.TypeCode.csproj", "{777C9BA9-7B28-472E-9060-B7F289C7251D}"
EndProject
Project("{FAE04EC0-301F-11D3-BF4B-00C04F79EFBC}") = "EstudandoExpressoesLambda", "EstudandoExpressoesLambda\EstudandoExpressoesLambda.csproj", "{90C4BCBF-D9C4-4D59-AE94-954D1D956FA4}"
EndProject
Project("{FAE04EC0-301F-11D3-BF4B-00C04F79EFBC}") = "Estudando.TipoByte", "Estudando.TipoByte\Estudando.TipoByte.csproj", "{D45A54C6-2FA2-4D2D-AFCF-EF1F2C6929D2}"
EndProject
Project("{FAE04EC0-301F-11D3-BF4B-00C04F79EFBC}") = "EstudandoGoToBreak", "EstudandoGoToBreak\EstudandoGoToBreak.csproj", "{45C85DE4-FE1F-4BDC-917D-2C036947645B}"
EndProject
Project("{FAE04EC0-301F-11D3-BF4B-00C04F79EFBC}") = "Estudando.Enum", "Estudando.Enum\Estudando.Enum.csproj", "{109F2E90-A39D-4337-8B44-FBC63C31EE16}"
EndProject
Project("{FAE04EC0-301F-11D3-BF4B-00C04F79EFBC}") = "Estudando.TipoDouble", "Estudando.TipoDouble\Estudando.TipoDouble.csproj", "{E6836B8B-8E41-4CDB-B705-41AD79E34A00}"
EndProject
Project("{FAE04EC0-301F-11D3-BF4B-00C04F79EFBC}") = "Estudando.TipoDecimal", "Estudando.TipoDecimal\Estudando.TipoDecimal.csproj", "{64D1FF3B-5060-4691-9835-F5E1ADD0F490}"
EndProject
Project("{FAE04EC0-301F-11D3-BF4B-00C04F79EFBC}") = "EstudandoMath", "EstudandoMath\EstudandoMath.csproj", "{308D7F49-2A9C-4611-AF4A-F025B93AB119}"
EndProject
Project("{FAE04EC0-301F-11D3-BF4B-00C04F79EFBC}") = "Estudando.TipoChar", "Estudando.TipoChar\Estudando.TipoChar.csproj", "{1344D174-9675-4484-BC7D-1ADF0254D510}"
EndProject
Project("{FAE04EC0-301F-11D3-BF4B-00C04F79EFBC}") = "Estudando.GoTo", "Estudando.GoTo\Estudando.GoTo.csproj", "{DACE7CFF-2B4D-468E-A457-56DF6FD31774}"
EndProject
Project("{FAE04EC0-301F-11D3-BF4B-00C04F79EFBC}") = "IntroducaoNetFramework", "IntroducaoNetFramework\IntroducaoNetFramework.csproj", "{D574090E-6EC3-464D-9525-E29588BE2E9B}"
EndProject
Project("{FAE04EC0-301F-11D3-BF4B-00C04F79EFBC}") = "EstudandoSobrecarga", "EstudandoSobrecarga\EstudandoSobrecarga.csproj", "{0E5B29B0-37EF-4FEB-AD7A-C52E0934533E}"
EndProject
Project("{FAE04EC0-301F-11D3-BF4B-00C04F79EFBC}") = "Estudando.NullableTypes", "EstudandoNullableTypes\Estudando.NullableTypes.csproj", "{F733DB6A-D427-4B5D-967D-47ECD0063B53}"
EndProject
Project("{FAE04EC0-301F-11D3-BF4B-00C04F79EFBC}") = "Estudando.PassagemParametro", "Estudando.PassagemParametro\Estudando.PassagemParametro.csproj", "{3A3302E4-A4F5-437F-A474-0307D04EB8D4}"
EndProject
Project("{FAE04EC0-301F-11D3-BF4B-00C04F79EFBC}") = "Estudando.DesignPattern.Singleton", "Estudando.DesignPattern.Singleton\Estudando.DesignPattern.Singleton.csproj", "{035BDBF5-8588-473B-8D7E-D0A5D5BA4C4A}"
EndProject
Project("{FAE04EC0-301F-11D3-BF4B-00C04F79EFBC}") = "Estudando.POO.Polimorfismo", "Estudando.POO.Polimorfismo\Estudando.POO.Polimorfismo.csproj", "{13E3B6E2-CE3A-447C-A365-28E2F3199368}"
EndProject
Project("{FAE04EC0-301F-11D3-BF4B-00C04F79EFBC}") = "Estudando.POO.Polimorfismo2", "Estudando.POO.Polimorfismo2\Estudando.POO.Polimorfismo2.csproj", "{A706C098-BFEC-40D4-AD04-D6A26F37FFC1}"
EndProject
Project("{FAE04EC0-301F-11D3-BF4B-00C04F79EFBC}") = "Estudando.POO.Polimorfismo3", "Estudando.POO.Polimorfismo3\Estudando.POO.Polimorfismo3.csproj", "{B17A3BE9-D509-4833-B30E-4871B915AC31}"
EndProject
Project("{FAE04EC0-301F-11D3-BF4B-00C04F79EFBC}") = "Estudando.POO.Construtores", "Estudando.POO.Construtores\Estudando.POO.Construtores.csproj", "{9E7EA87A-80F3-48D0-B73B-5F2D625CAFC7}"
EndProject
Project("{FAE04EC0-301F-11D3-BF4B-00C04F79EFBC}") = "Estudando.POO.Encapsulamento", "Estudando.Encapsulamento\Estudando.POO.Encapsulamento.csproj", "{6FD0C2C2-C415-4BCA-9930-71D87C65178A}"
EndProject
Project("{FAE04EC0-301F-11D3-BF4B-00C04F79EFBC}") = "Estudando.Modificador.ConstReadonly", "Estudando.Modificador.ConstReadonly\Estudando.Modificador.ConstReadonly.csproj", "{D9366956-1008-468D-8F2B-2B7AC7FF15CA}"
EndProject
Project("{FAE04EC0-301F-11D3-BF4B-00C04F79EFBC}") = "Estudando.Modificador.Static", "Estudando.Modificador.Static\Estudando.Modificador.Static.csproj", "{A028F422-8D47-493E-A08C-CEF89FF352C6}"
EndProject
Project("{FAE04EC0-301F-11D3-BF4B-00C04F79EFBC}") = "Estudando.Modificador.Visibilidade", "Estudando.Modificador.Visibilidade\Estudando.Modificador.Visibilidade.csproj", "{D5F2FD4A-DB07-456B-A925-680562686F1E}"
EndProject
Project("{FAE04EC0-301F-11D3-BF4B-00C04F79EFBC}") = "Estudando.NestedType", "Estudando.NestedType\Estudando.NestedType.csproj", "{89542EAF-3140-4916-8B2E-55510E3F1B9D}"
EndProject
Project("{FAE04EC0-301F-11D3-BF4B-00C04F79EFBC}") = "Estudando.PassagemParametro2", "Estudando.PassagemParametro2\Estudando.PassagemParametro2.csproj", "{219BCBC3-E97A-4C9E-9DBA-19E02122EA3C}"
EndProject
Project("{FAE04EC0-301F-11D3-BF4B-00C04F79EFBC}") = "Estudando.PassagemParametro3", "Estudando.PassagemParametro3\Estudando.PassagemParametro3.csproj", "{30D613F2-0291-4F8D-89ED-998839082A61}"
EndProject
Project("{FAE04EC0-301F-11D3-BF4B-00C04F79EFBC}") = "Estudando.Struct", "Estudando.Struct\Estudando.Struct.csproj", "{33E18F80-4027-4093-8E1F-0A6F85E44BBA}"
EndProject
Project("{FAE04EC0-301F-11D3-BF4B-00C04F79EFBC}") = "Estudando.DatasHoras", "Estudando.DatasHoras\Estudando.DatasHoras.csproj", "{B116B6E9-BB05-4D53-A28C-15C2136E4442}"
EndProject
Project("{FAE04EC0-301F-11D3-BF4B-00C04F79EFBC}") = "Estudando.Sobrecarga", "Estudando.Sobrecarga\Estudando.Sobrecarga.csproj", "{AB8A41C3-DED1-4AFA-BBFD-CD1B19717EB9}"
EndProject
Project("{FAE04EC0-301F-11D3-BF4B-00C04F79EFBC}") = "Estudando.Namespaces", "Estudando.Namespaces\Estudando.Namespaces.csproj", "{607ABDE5-7626-453D-833D-699D255BED56}"
EndProject
Project("{FAE04EC0-301F-11D3-BF4B-00C04F79EFBC}") = "Estudando.PartialClass", "Estudando.PartialClass\Estudando.PartialClass.csproj", "{A2D3EA8D-F5D2-4835-BE63-46B0934434D2}"
EndProject
Project("{FAE04EC0-301F-11D3-BF4B-00C04F79EFBC}") = "Estudando.POO.Heranca", "Estudando.POO.Heranca\Estudando.POO.Heranca.csproj", "{6EDBFDA2-A931-4C85-B0A8-E3403EA3BB9D}"
EndProject
Project("{FAE04EC0-301F-11D3-BF4B-00C04F79EFBC}") = "Estudando.POO.Heranca2", "Estudando.POO.Heranca2\Estudando.POO.Heranca2.csproj", "{B94EA24A-7415-414E-B3EF-3D7A22D00305}"
EndProject
Project("{FAE04EC0-301F-11D3-BF4B-00C04F79EFBC}") = "Estudando.Exceptions", "Estudando.Exceptions\Estudando.Exceptions.csproj", "{FC5D72FD-8849-43E7-BEC1-1096AAAE22E6}"
EndProject
Project("{FAE04EC0-301F-11D3-BF4B-00C04F79EFBC}") = "Estudando.Exceptions2", "Estudando.Exceptions2\Estudando.Exceptions2.csproj", "{E9C5A63E-F3C3-49D6-A409-C881DCD6B484}"
EndProject
Project("{FAE04EC0-301F-11D3-BF4B-00C04F79EFBC}") = "Estudando.NumerosRandomicos", "Estudando.NumerosRandomicos\Estudando.NumerosRandomicos.csproj", "{44E1E0CD-EDA4-4A23-8337-0274E89433F8}"
EndProject
Project("{FAE04EC0-301F-11D3-BF4B-00C04F79EFBC}") = "Estudando.Arrays", "Estudando.Arrays\Estudando.Arrays.csproj", "{9BB8853D-C8C4-4480-8AA5-487A38CAD451}"
EndProject
Project("{FAE04EC0-301F-11D3-BF4B-00C04F79EFBC}") = "Estudando.ArquivosDiretorios", "Estudando.ArquivosDiretorios\Estudando.ArquivosDiretorios.csproj", "{41800AE7-15C9-40F9-9200-B8BF3D7E6E15}"
EndProject
Project("{FAE04EC0-301F-11D3-BF4B-00C04F79EFBC}") = "Estudando.ArquivosDiretorios2", "Estudando.ArquivosDiretorios2\Estudando.ArquivosDiretorios2.csproj", "{3CEC2300-BC4F-4091-98C9-59E88996EF4B}"
EndProject
Project("{FAE04EC0-301F-11D3-BF4B-00C04F79EFBC}") = "Estudando.ArquivosDiretorios3", "Estudando.ArquivosDiretorios3\Estudando.ArquivosDiretorios3.csproj", "{6144A690-CCC2-455E-9149-58267FF0CB6B}"
EndProject
Project("{FAE04EC0-301F-11D3-BF4B-00C04F79EFBC}") = "Estudando.Generics", "Estudando.Generics\Estudando.Generics.csproj", "{D6B764A9-D507-4FD1-B902-188DA8021820}"
EndProject
Project("{FAE04EC0-301F-11D3-BF4B-00C04F79EFBC}") = "Estudando.Collections", "Estudando.Collections\Estudando.Collections.csproj", "{11DC5A60-AC32-40EE-9F32-013DB9638B4B}"
EndProject
Project("{FAE04EC0-301F-11D3-BF4B-00C04F79EFBC}") = "Estudando.Collections.Conjuntos", "Estudando.Collections.Conjuntos\Estudando.Collections.Conjuntos.csproj", "{2EE5DF88-93BA-460C-8107-81EEB3EA48A3}"
EndProject
Project("{FAE04EC0-301F-11D3-BF4B-00C04F79EFBC}") = "Estudando.Collections.Filas", "Estudando.Collections.Filas\Estudando.Collections.Filas.csproj", "{3F8731C4-8234-4E79-8A4D-907975028D62}"
EndProject
Project("{FAE04EC0-301F-11D3-BF4B-00C04F79EFBC}") = "Estudando.Collections.Listas", "Estudando.Collections.Listas\Estudando.Collections.Listas.csproj", "{EF232DB0-D3EF-49D1-A1D6-D5F95C871BF0}"
EndProject
Project("{FAE04EC0-301F-11D3-BF4B-00C04F79EFBC}") = "Estudando.Collections.Pilhas", "Estudando.Collections.Pilhas\Estudando.Collections.Pilhas.csproj", "{AB36E5E6-AD3D-4A69-9BDB-83AF30E3B458}"
EndProject
Project("{FAE04EC0-301F-11D3-BF4B-00C04F79EFBC}") = "Estudando.Collections.Dicionarios", "Estudando.Collections.Dicionarios\Estudando.Collections.Dicionarios.csproj", "{323D4054-D89E-42E9-9E8D-39B66C8B3515}"
EndProject
Project("{FAE04EC0-301F-11D3-BF4B-00C04F79EFBC}") = "Estudando.DatasHoras2", "Estudando.DatasHoras2\Estudando.DatasHoras2.csproj", "{2C2C64EF-97C7-4D6A-89B0-B37C2A9CFEF1}"
EndProject
Project("{FAE04EC0-301F-11D3-BF4B-00C04F79EFBC}") = "Estudando.ArquivosDiretorios4", "Estudando.ArquivosDiretorios4\Estudando.ArquivosDiretorios4.csproj", "{73D4B84A-4FBC-4FD2-B33A-B207DCDA7C7E}"
EndProject
Project("{FAE04EC0-301F-11D3-BF4B-00C04F79EFBC}") = "Estudando.Assemblies", "Estudando.Assemblies\Estudando.Assemblies.csproj", "{E1E76B63-15D8-4E2F-8265-F2480686465A}"
EndProject
Project("{FAE04EC0-301F-11D3-BF4B-00C04F79EFBC}") = "Estudando.ExpressoesLambda2", "Estudando.ExpressoesLambda2\Estudando.ExpressoesLambda2.csproj", "{22C49F09-18AF-4032-BBC7-AA050440EF28}"
EndProject
Project("{FAE04EC0-301F-11D3-BF4B-00C04F79EFBC}") = "Estudando.ExpressoesLambda", "Estudando.ExpressoesLambda\Estudando.ExpressoesLambda.csproj", "{EB2FDE16-D07E-42B7-85BF-D4B021026860}"
EndProject
Project("{FAE04EC0-301F-11D3-BF4B-00C04F79EFBC}") = "Estudando.Delegates", "Estudando.Delegates\Estudando.Delegates.csproj", "{911EFC3B-07F9-4350-BE7E-49A45867E987}"
EndProject
Project("{FAE04EC0-301F-11D3-BF4B-00C04F79EFBC}") = "Estudando.FuncoesAnonimas", "Estudando.FuncoesAnonimas\Estudando.FuncoesAnonimas.csproj", "{6BE32AF1-E33B-45B0-B7FC-31F1A50D09F6}"
EndProject
Project("{FAE04EC0-301F-11D3-BF4B-00C04F79EFBC}") = "Estudando.Linq", "Estudando.Linq\Estudando.Linq.csproj", "{AF8E2F71-364F-405F-B7EF-A906AE82F9F6}"
EndProject
Project("{FAE04EC0-301F-11D3-BF4B-00C04F79EFBC}") = "Estudando.Linq2", "Estudando.Linq2\Estudando.Linq2.csproj", "{A986214D-EC52-4864-BF02-1FA94A3FBA60}"
EndProject
Project("{FAE04EC0-301F-11D3-BF4B-00C04F79EFBC}") = "Estudando.Linq3", "Estudando.Linq3\Estudando.Linq3.csproj", "{82740C1E-3522-49B8-950F-6993227DEE4F}"
EndProject
Global
	GlobalSection(SolutionConfigurationPlatforms) = preSolution
		Debug|Any CPU = Debug|Any CPU
		Release|Any CPU = Release|Any CPU
	EndGlobalSection
	GlobalSection(ProjectConfigurationPlatforms) = postSolution
		{EBF3FBC6-E0D8-45F2-9A49-49EF363DECE7}.Debug|Any CPU.ActiveCfg = Debug|Any CPU
		{EBF3FBC6-E0D8-45F2-9A49-49EF363DECE7}.Debug|Any CPU.Build.0 = Debug|Any CPU
		{EBF3FBC6-E0D8-45F2-9A49-49EF363DECE7}.Release|Any CPU.ActiveCfg = Release|Any CPU
		{EBF3FBC6-E0D8-45F2-9A49-49EF363DECE7}.Release|Any CPU.Build.0 = Release|Any CPU
		{B3834E2E-D26A-46A7-992C-41AA110683BD}.Debug|Any CPU.ActiveCfg = Debug|Any CPU
		{B3834E2E-D26A-46A7-992C-41AA110683BD}.Debug|Any CPU.Build.0 = Debug|Any CPU
		{B3834E2E-D26A-46A7-992C-41AA110683BD}.Release|Any CPU.ActiveCfg = Release|Any CPU
		{B3834E2E-D26A-46A7-992C-41AA110683BD}.Release|Any CPU.Build.0 = Release|Any CPU
		{C918E31F-5C7F-4111-9B1F-C20E2F55151A}.Debug|Any CPU.ActiveCfg = Debug|Any CPU
		{C918E31F-5C7F-4111-9B1F-C20E2F55151A}.Debug|Any CPU.Build.0 = Debug|Any CPU
		{C918E31F-5C7F-4111-9B1F-C20E2F55151A}.Release|Any CPU.ActiveCfg = Release|Any CPU
		{C918E31F-5C7F-4111-9B1F-C20E2F55151A}.Release|Any CPU.Build.0 = Release|Any CPU
		{8E33CC01-7084-4C96-B58F-52642C99D6E1}.Debug|Any CPU.ActiveCfg = Debug|Any CPU
		{8E33CC01-7084-4C96-B58F-52642C99D6E1}.Debug|Any CPU.Build.0 = Debug|Any CPU
		{8E33CC01-7084-4C96-B58F-52642C99D6E1}.Release|Any CPU.ActiveCfg = Release|Any CPU
		{8E33CC01-7084-4C96-B58F-52642C99D6E1}.Release|Any CPU.Build.0 = Release|Any CPU
		{9BC0EB45-4647-4DF2-B427-0C29263FF32E}.Debug|Any CPU.ActiveCfg = Debug|Any CPU
		{9BC0EB45-4647-4DF2-B427-0C29263FF32E}.Debug|Any CPU.Build.0 = Debug|Any CPU
		{9BC0EB45-4647-4DF2-B427-0C29263FF32E}.Release|Any CPU.ActiveCfg = Release|Any CPU
		{9BC0EB45-4647-4DF2-B427-0C29263FF32E}.Release|Any CPU.Build.0 = Release|Any CPU
		{15F51AD3-4555-4538-9E55-24249495AE5D}.Debug|Any CPU.ActiveCfg = Debug|Any CPU
		{15F51AD3-4555-4538-9E55-24249495AE5D}.Debug|Any CPU.Build.0 = Debug|Any CPU
		{15F51AD3-4555-4538-9E55-24249495AE5D}.Release|Any CPU.ActiveCfg = Release|Any CPU
		{15F51AD3-4555-4538-9E55-24249495AE5D}.Release|Any CPU.Build.0 = Release|Any CPU
		{777C9BA9-7B28-472E-9060-B7F289C7251D}.Debug|Any CPU.ActiveCfg = Debug|Any CPU
		{777C9BA9-7B28-472E-9060-B7F289C7251D}.Debug|Any CPU.Build.0 = Debug|Any CPU
		{777C9BA9-7B28-472E-9060-B7F289C7251D}.Release|Any CPU.ActiveCfg = Release|Any CPU
		{777C9BA9-7B28-472E-9060-B7F289C7251D}.Release|Any CPU.Build.0 = Release|Any CPU
		{90C4BCBF-D9C4-4D59-AE94-954D1D956FA4}.Debug|Any CPU.ActiveCfg = Debug|Any CPU
		{90C4BCBF-D9C4-4D59-AE94-954D1D956FA4}.Debug|Any CPU.Build.0 = Debug|Any CPU
		{90C4BCBF-D9C4-4D59-AE94-954D1D956FA4}.Release|Any CPU.ActiveCfg = Release|Any CPU
		{90C4BCBF-D9C4-4D59-AE94-954D1D956FA4}.Release|Any CPU.Build.0 = Release|Any CPU
		{D45A54C6-2FA2-4D2D-AFCF-EF1F2C6929D2}.Debug|Any CPU.ActiveCfg = Debug|Any CPU
		{D45A54C6-2FA2-4D2D-AFCF-EF1F2C6929D2}.Debug|Any CPU.Build.0 = Debug|Any CPU
		{D45A54C6-2FA2-4D2D-AFCF-EF1F2C6929D2}.Release|Any CPU.ActiveCfg = Release|Any CPU
		{D45A54C6-2FA2-4D2D-AFCF-EF1F2C6929D2}.Release|Any CPU.Build.0 = Release|Any CPU
		{45C85DE4-FE1F-4BDC-917D-2C036947645B}.Debug|Any CPU.ActiveCfg = Debug|Any CPU
		{45C85DE4-FE1F-4BDC-917D-2C036947645B}.Debug|Any CPU.Build.0 = Debug|Any CPU
		{45C85DE4-FE1F-4BDC-917D-2C036947645B}.Release|Any CPU.ActiveCfg = Release|Any CPU
		{45C85DE4-FE1F-4BDC-917D-2C036947645B}.Release|Any CPU.Build.0 = Release|Any CPU
		{109F2E90-A39D-4337-8B44-FBC63C31EE16}.Debug|Any CPU.ActiveCfg = Debug|Any CPU
		{109F2E90-A39D-4337-8B44-FBC63C31EE16}.Debug|Any CPU.Build.0 = Debug|Any CPU
		{109F2E90-A39D-4337-8B44-FBC63C31EE16}.Release|Any CPU.ActiveCfg = Release|Any CPU
		{109F2E90-A39D-4337-8B44-FBC63C31EE16}.Release|Any CPU.Build.0 = Release|Any CPU
		{E6836B8B-8E41-4CDB-B705-41AD79E34A00}.Debug|Any CPU.ActiveCfg = Debug|Any CPU
		{E6836B8B-8E41-4CDB-B705-41AD79E34A00}.Debug|Any CPU.Build.0 = Debug|Any CPU
		{E6836B8B-8E41-4CDB-B705-41AD79E34A00}.Release|Any CPU.ActiveCfg = Release|Any CPU
		{E6836B8B-8E41-4CDB-B705-41AD79E34A00}.Release|Any CPU.Build.0 = Release|Any CPU
		{64D1FF3B-5060-4691-9835-F5E1ADD0F490}.Debug|Any CPU.ActiveCfg = Debug|Any CPU
		{64D1FF3B-5060-4691-9835-F5E1ADD0F490}.Debug|Any CPU.Build.0 = Debug|Any CPU
		{64D1FF3B-5060-4691-9835-F5E1ADD0F490}.Release|Any CPU.ActiveCfg = Release|Any CPU
		{64D1FF3B-5060-4691-9835-F5E1ADD0F490}.Release|Any CPU.Build.0 = Release|Any CPU
		{308D7F49-2A9C-4611-AF4A-F025B93AB119}.Debug|Any CPU.ActiveCfg = Debug|Any CPU
		{308D7F49-2A9C-4611-AF4A-F025B93AB119}.Debug|Any CPU.Build.0 = Debug|Any CPU
		{308D7F49-2A9C-4611-AF4A-F025B93AB119}.Release|Any CPU.ActiveCfg = Release|Any CPU
		{308D7F49-2A9C-4611-AF4A-F025B93AB119}.Release|Any CPU.Build.0 = Release|Any CPU
		{1344D174-9675-4484-BC7D-1ADF0254D510}.Debug|Any CPU.ActiveCfg = Debug|Any CPU
		{1344D174-9675-4484-BC7D-1ADF0254D510}.Debug|Any CPU.Build.0 = Debug|Any CPU
		{1344D174-9675-4484-BC7D-1ADF0254D510}.Release|Any CPU.ActiveCfg = Release|Any CPU
		{1344D174-9675-4484-BC7D-1ADF0254D510}.Release|Any CPU.Build.0 = Release|Any CPU
		{DACE7CFF-2B4D-468E-A457-56DF6FD31774}.Debug|Any CPU.ActiveCfg = Debug|Any CPU
		{DACE7CFF-2B4D-468E-A457-56DF6FD31774}.Debug|Any CPU.Build.0 = Debug|Any CPU
		{DACE7CFF-2B4D-468E-A457-56DF6FD31774}.Release|Any CPU.ActiveCfg = Release|Any CPU
		{DACE7CFF-2B4D-468E-A457-56DF6FD31774}.Release|Any CPU.Build.0 = Release|Any CPU
		{D574090E-6EC3-464D-9525-E29588BE2E9B}.Debug|Any CPU.ActiveCfg = Debug|Any CPU
		{D574090E-6EC3-464D-9525-E29588BE2E9B}.Debug|Any CPU.Build.0 = Debug|Any CPU
		{D574090E-6EC3-464D-9525-E29588BE2E9B}.Release|Any CPU.ActiveCfg = Release|Any CPU
		{D574090E-6EC3-464D-9525-E29588BE2E9B}.Release|Any CPU.Build.0 = Release|Any CPU
		{0E5B29B0-37EF-4FEB-AD7A-C52E0934533E}.Debug|Any CPU.ActiveCfg = Debug|Any CPU
		{0E5B29B0-37EF-4FEB-AD7A-C52E0934533E}.Debug|Any CPU.Build.0 = Debug|Any CPU
		{0E5B29B0-37EF-4FEB-AD7A-C52E0934533E}.Release|Any CPU.ActiveCfg = Release|Any CPU
		{0E5B29B0-37EF-4FEB-AD7A-C52E0934533E}.Release|Any CPU.Build.0 = Release|Any CPU
		{F733DB6A-D427-4B5D-967D-47ECD0063B53}.Debug|Any CPU.ActiveCfg = Debug|Any CPU
		{F733DB6A-D427-4B5D-967D-47ECD0063B53}.Debug|Any CPU.Build.0 = Debug|Any CPU
		{F733DB6A-D427-4B5D-967D-47ECD0063B53}.Release|Any CPU.ActiveCfg = Release|Any CPU
		{F733DB6A-D427-4B5D-967D-47ECD0063B53}.Release|Any CPU.Build.0 = Release|Any CPU
		{3A3302E4-A4F5-437F-A474-0307D04EB8D4}.Debug|Any CPU.ActiveCfg = Debug|Any CPU
		{3A3302E4-A4F5-437F-A474-0307D04EB8D4}.Debug|Any CPU.Build.0 = Debug|Any CPU
		{3A3302E4-A4F5-437F-A474-0307D04EB8D4}.Release|Any CPU.ActiveCfg = Release|Any CPU
		{3A3302E4-A4F5-437F-A474-0307D04EB8D4}.Release|Any CPU.Build.0 = Release|Any CPU
		{035BDBF5-8588-473B-8D7E-D0A5D5BA4C4A}.Debug|Any CPU.ActiveCfg = Debug|Any CPU
		{035BDBF5-8588-473B-8D7E-D0A5D5BA4C4A}.Debug|Any CPU.Build.0 = Debug|Any CPU
		{035BDBF5-8588-473B-8D7E-D0A5D5BA4C4A}.Release|Any CPU.ActiveCfg = Release|Any CPU
		{035BDBF5-8588-473B-8D7E-D0A5D5BA4C4A}.Release|Any CPU.Build.0 = Release|Any CPU
		{13E3B6E2-CE3A-447C-A365-28E2F3199368}.Debug|Any CPU.ActiveCfg = Debug|Any CPU
		{13E3B6E2-CE3A-447C-A365-28E2F3199368}.Debug|Any CPU.Build.0 = Debug|Any CPU
		{13E3B6E2-CE3A-447C-A365-28E2F3199368}.Release|Any CPU.ActiveCfg = Release|Any CPU
		{13E3B6E2-CE3A-447C-A365-28E2F3199368}.Release|Any CPU.Build.0 = Release|Any CPU
		{A706C098-BFEC-40D4-AD04-D6A26F37FFC1}.Debug|Any CPU.ActiveCfg = Debug|Any CPU
		{A706C098-BFEC-40D4-AD04-D6A26F37FFC1}.Debug|Any CPU.Build.0 = Debug|Any CPU
		{A706C098-BFEC-40D4-AD04-D6A26F37FFC1}.Release|Any CPU.ActiveCfg = Release|Any CPU
		{A706C098-BFEC-40D4-AD04-D6A26F37FFC1}.Release|Any CPU.Build.0 = Release|Any CPU
		{B17A3BE9-D509-4833-B30E-4871B915AC31}.Debug|Any CPU.ActiveCfg = Debug|Any CPU
		{B17A3BE9-D509-4833-B30E-4871B915AC31}.Debug|Any CPU.Build.0 = Debug|Any CPU
		{B17A3BE9-D509-4833-B30E-4871B915AC31}.Release|Any CPU.ActiveCfg = Release|Any CPU
		{B17A3BE9-D509-4833-B30E-4871B915AC31}.Release|Any CPU.Build.0 = Release|Any CPU
		{9E7EA87A-80F3-48D0-B73B-5F2D625CAFC7}.Debug|Any CPU.ActiveCfg = Debug|Any CPU
		{9E7EA87A-80F3-48D0-B73B-5F2D625CAFC7}.Debug|Any CPU.Build.0 = Debug|Any CPU
		{9E7EA87A-80F3-48D0-B73B-5F2D625CAFC7}.Release|Any CPU.ActiveCfg = Release|Any CPU
		{9E7EA87A-80F3-48D0-B73B-5F2D625CAFC7}.Release|Any CPU.Build.0 = Release|Any CPU
		{6FD0C2C2-C415-4BCA-9930-71D87C65178A}.Debug|Any CPU.ActiveCfg = Debug|Any CPU
		{6FD0C2C2-C415-4BCA-9930-71D87C65178A}.Debug|Any CPU.Build.0 = Debug|Any CPU
		{6FD0C2C2-C415-4BCA-9930-71D87C65178A}.Release|Any CPU.ActiveCfg = Release|Any CPU
		{6FD0C2C2-C415-4BCA-9930-71D87C65178A}.Release|Any CPU.Build.0 = Release|Any CPU
		{D9366956-1008-468D-8F2B-2B7AC7FF15CA}.Debug|Any CPU.ActiveCfg = Debug|Any CPU
		{D9366956-1008-468D-8F2B-2B7AC7FF15CA}.Debug|Any CPU.Build.0 = Debug|Any CPU
		{D9366956-1008-468D-8F2B-2B7AC7FF15CA}.Release|Any CPU.ActiveCfg = Release|Any CPU
		{D9366956-1008-468D-8F2B-2B7AC7FF15CA}.Release|Any CPU.Build.0 = Release|Any CPU
		{A028F422-8D47-493E-A08C-CEF89FF352C6}.Debug|Any CPU.ActiveCfg = Debug|Any CPU
		{A028F422-8D47-493E-A08C-CEF89FF352C6}.Debug|Any CPU.Build.0 = Debug|Any CPU
		{A028F422-8D47-493E-A08C-CEF89FF352C6}.Release|Any CPU.ActiveCfg = Release|Any CPU
		{A028F422-8D47-493E-A08C-CEF89FF352C6}.Release|Any CPU.Build.0 = Release|Any CPU
		{D5F2FD4A-DB07-456B-A925-680562686F1E}.Debug|Any CPU.ActiveCfg = Debug|Any CPU
		{D5F2FD4A-DB07-456B-A925-680562686F1E}.Debug|Any CPU.Build.0 = Debug|Any CPU
		{D5F2FD4A-DB07-456B-A925-680562686F1E}.Release|Any CPU.ActiveCfg = Release|Any CPU
		{D5F2FD4A-DB07-456B-A925-680562686F1E}.Release|Any CPU.Build.0 = Release|Any CPU
		{89542EAF-3140-4916-8B2E-55510E3F1B9D}.Debug|Any CPU.ActiveCfg = Debug|Any CPU
		{89542EAF-3140-4916-8B2E-55510E3F1B9D}.Debug|Any CPU.Build.0 = Debug|Any CPU
		{89542EAF-3140-4916-8B2E-55510E3F1B9D}.Release|Any CPU.ActiveCfg = Release|Any CPU
		{89542EAF-3140-4916-8B2E-55510E3F1B9D}.Release|Any CPU.Build.0 = Release|Any CPU
		{219BCBC3-E97A-4C9E-9DBA-19E02122EA3C}.Debug|Any CPU.ActiveCfg = Debug|Any CPU
		{219BCBC3-E97A-4C9E-9DBA-19E02122EA3C}.Debug|Any CPU.Build.0 = Debug|Any CPU
		{219BCBC3-E97A-4C9E-9DBA-19E02122EA3C}.Release|Any CPU.ActiveCfg = Release|Any CPU
		{219BCBC3-E97A-4C9E-9DBA-19E02122EA3C}.Release|Any CPU.Build.0 = Release|Any CPU
		{30D613F2-0291-4F8D-89ED-998839082A61}.Debug|Any CPU.ActiveCfg = Debug|Any CPU
		{30D613F2-0291-4F8D-89ED-998839082A61}.Debug|Any CPU.Build.0 = Debug|Any CPU
		{30D613F2-0291-4F8D-89ED-998839082A61}.Release|Any CPU.ActiveCfg = Release|Any CPU
		{30D613F2-0291-4F8D-89ED-998839082A61}.Release|Any CPU.Build.0 = Release|Any CPU
		{33E18F80-4027-4093-8E1F-0A6F85E44BBA}.Debug|Any CPU.ActiveCfg = Debug|Any CPU
		{33E18F80-4027-4093-8E1F-0A6F85E44BBA}.Debug|Any CPU.Build.0 = Debug|Any CPU
		{33E18F80-4027-4093-8E1F-0A6F85E44BBA}.Release|Any CPU.ActiveCfg = Release|Any CPU
		{33E18F80-4027-4093-8E1F-0A6F85E44BBA}.Release|Any CPU.Build.0 = Release|Any CPU
		{B116B6E9-BB05-4D53-A28C-15C2136E4442}.Debug|Any CPU.ActiveCfg = Debug|Any CPU
		{B116B6E9-BB05-4D53-A28C-15C2136E4442}.Debug|Any CPU.Build.0 = Debug|Any CPU
		{B116B6E9-BB05-4D53-A28C-15C2136E4442}.Release|Any CPU.ActiveCfg = Release|Any CPU
		{B116B6E9-BB05-4D53-A28C-15C2136E4442}.Release|Any CPU.Build.0 = Release|Any CPU
		{AB8A41C3-DED1-4AFA-BBFD-CD1B19717EB9}.Debug|Any CPU.ActiveCfg = Debug|Any CPU
		{AB8A41C3-DED1-4AFA-BBFD-CD1B19717EB9}.Debug|Any CPU.Build.0 = Debug|Any CPU
		{AB8A41C3-DED1-4AFA-BBFD-CD1B19717EB9}.Release|Any CPU.ActiveCfg = Release|Any CPU
		{AB8A41C3-DED1-4AFA-BBFD-CD1B19717EB9}.Release|Any CPU.Build.0 = Release|Any CPU
		{607ABDE5-7626-453D-833D-699D255BED56}.Debug|Any CPU.ActiveCfg = Debug|Any CPU
		{607ABDE5-7626-453D-833D-699D255BED56}.Debug|Any CPU.Build.0 = Debug|Any CPU
		{607ABDE5-7626-453D-833D-699D255BED56}.Release|Any CPU.ActiveCfg = Release|Any CPU
		{607ABDE5-7626-453D-833D-699D255BED56}.Release|Any CPU.Build.0 = Release|Any CPU
		{A2D3EA8D-F5D2-4835-BE63-46B0934434D2}.Debug|Any CPU.ActiveCfg = Debug|Any CPU
		{A2D3EA8D-F5D2-4835-BE63-46B0934434D2}.Debug|Any CPU.Build.0 = Debug|Any CPU
		{A2D3EA8D-F5D2-4835-BE63-46B0934434D2}.Release|Any CPU.ActiveCfg = Release|Any CPU
		{A2D3EA8D-F5D2-4835-BE63-46B0934434D2}.Release|Any CPU.Build.0 = Release|Any CPU
		{6EDBFDA2-A931-4C85-B0A8-E3403EA3BB9D}.Debug|Any CPU.ActiveCfg = Debug|Any CPU
		{6EDBFDA2-A931-4C85-B0A8-E3403EA3BB9D}.Debug|Any CPU.Build.0 = Debug|Any CPU
		{6EDBFDA2-A931-4C85-B0A8-E3403EA3BB9D}.Release|Any CPU.ActiveCfg = Release|Any CPU
		{6EDBFDA2-A931-4C85-B0A8-E3403EA3BB9D}.Release|Any CPU.Build.0 = Release|Any CPU
		{B94EA24A-7415-414E-B3EF-3D7A22D00305}.Debug|Any CPU.ActiveCfg = Debug|Any CPU
		{B94EA24A-7415-414E-B3EF-3D7A22D00305}.Debug|Any CPU.Build.0 = Debug|Any CPU
		{B94EA24A-7415-414E-B3EF-3D7A22D00305}.Release|Any CPU.ActiveCfg = Release|Any CPU
		{B94EA24A-7415-414E-B3EF-3D7A22D00305}.Release|Any CPU.Build.0 = Release|Any CPU
		{FC5D72FD-8849-43E7-BEC1-1096AAAE22E6}.Debug|Any CPU.ActiveCfg = Debug|Any CPU
		{FC5D72FD-8849-43E7-BEC1-1096AAAE22E6}.Debug|Any CPU.Build.0 = Debug|Any CPU
		{FC5D72FD-8849-43E7-BEC1-1096AAAE22E6}.Release|Any CPU.ActiveCfg = Release|Any CPU
		{FC5D72FD-8849-43E7-BEC1-1096AAAE22E6}.Release|Any CPU.Build.0 = Release|Any CPU
		{E9C5A63E-F3C3-49D6-A409-C881DCD6B484}.Debug|Any CPU.ActiveCfg = Debug|Any CPU
		{E9C5A63E-F3C3-49D6-A409-C881DCD6B484}.Debug|Any CPU.Build.0 = Debug|Any CPU
		{E9C5A63E-F3C3-49D6-A409-C881DCD6B484}.Release|Any CPU.ActiveCfg = Release|Any CPU
		{E9C5A63E-F3C3-49D6-A409-C881DCD6B484}.Release|Any CPU.Build.0 = Release|Any CPU
		{44E1E0CD-EDA4-4A23-8337-0274E89433F8}.Debug|Any CPU.ActiveCfg = Debug|Any CPU
		{44E1E0CD-EDA4-4A23-8337-0274E89433F8}.Debug|Any CPU.Build.0 = Debug|Any CPU
		{44E1E0CD-EDA4-4A23-8337-0274E89433F8}.Release|Any CPU.ActiveCfg = Release|Any CPU
		{44E1E0CD-EDA4-4A23-8337-0274E89433F8}.Release|Any CPU.Build.0 = Release|Any CPU
		{9BB8853D-C8C4-4480-8AA5-487A38CAD451}.Debug|Any CPU.ActiveCfg = Debug|Any CPU
		{9BB8853D-C8C4-4480-8AA5-487A38CAD451}.Debug|Any CPU.Build.0 = Debug|Any CPU
		{9BB8853D-C8C4-4480-8AA5-487A38CAD451}.Release|Any CPU.ActiveCfg = Release|Any CPU
		{9BB8853D-C8C4-4480-8AA5-487A38CAD451}.Release|Any CPU.Build.0 = Release|Any CPU
		{41800AE7-15C9-40F9-9200-B8BF3D7E6E15}.Debug|Any CPU.ActiveCfg = Debug|Any CPU
		{41800AE7-15C9-40F9-9200-B8BF3D7E6E15}.Debug|Any CPU.Build.0 = Debug|Any CPU
		{41800AE7-15C9-40F9-9200-B8BF3D7E6E15}.Release|Any CPU.ActiveCfg = Release|Any CPU
		{41800AE7-15C9-40F9-9200-B8BF3D7E6E15}.Release|Any CPU.Build.0 = Release|Any CPU
		{3CEC2300-BC4F-4091-98C9-59E88996EF4B}.Debug|Any CPU.ActiveCfg = Debug|Any CPU
		{3CEC2300-BC4F-4091-98C9-59E88996EF4B}.Debug|Any CPU.Build.0 = Debug|Any CPU
		{3CEC2300-BC4F-4091-98C9-59E88996EF4B}.Release|Any CPU.ActiveCfg = Release|Any CPU
		{3CEC2300-BC4F-4091-98C9-59E88996EF4B}.Release|Any CPU.Build.0 = Release|Any CPU
		{6144A690-CCC2-455E-9149-58267FF0CB6B}.Debug|Any CPU.ActiveCfg = Debug|Any CPU
		{6144A690-CCC2-455E-9149-58267FF0CB6B}.Debug|Any CPU.Build.0 = Debug|Any CPU
		{6144A690-CCC2-455E-9149-58267FF0CB6B}.Release|Any CPU.ActiveCfg = Release|Any CPU
		{6144A690-CCC2-455E-9149-58267FF0CB6B}.Release|Any CPU.Build.0 = Release|Any CPU
		{D6B764A9-D507-4FD1-B902-188DA8021820}.Debug|Any CPU.ActiveCfg = Debug|Any CPU
		{D6B764A9-D507-4FD1-B902-188DA8021820}.Debug|Any CPU.Build.0 = Debug|Any CPU
		{D6B764A9-D507-4FD1-B902-188DA8021820}.Release|Any CPU.ActiveCfg = Release|Any CPU
		{D6B764A9-D507-4FD1-B902-188DA8021820}.Release|Any CPU.Build.0 = Release|Any CPU
		{11DC5A60-AC32-40EE-9F32-013DB9638B4B}.Debug|Any CPU.ActiveCfg = Debug|Any CPU
		{11DC5A60-AC32-40EE-9F32-013DB9638B4B}.Debug|Any CPU.Build.0 = Debug|Any CPU
		{11DC5A60-AC32-40EE-9F32-013DB9638B4B}.Release|Any CPU.ActiveCfg = Release|Any CPU
		{11DC5A60-AC32-40EE-9F32-013DB9638B4B}.Release|Any CPU.Build.0 = Release|Any CPU
		{2EE5DF88-93BA-460C-8107-81EEB3EA48A3}.Debug|Any CPU.ActiveCfg = Debug|Any CPU
		{2EE5DF88-93BA-460C-8107-81EEB3EA48A3}.Debug|Any CPU.Build.0 = Debug|Any CPU
		{2EE5DF88-93BA-460C-8107-81EEB3EA48A3}.Release|Any CPU.ActiveCfg = Release|Any CPU
		{2EE5DF88-93BA-460C-8107-81EEB3EA48A3}.Release|Any CPU.Build.0 = Release|Any CPU
		{3F8731C4-8234-4E79-8A4D-907975028D62}.Debug|Any CPU.ActiveCfg = Debug|Any CPU
		{3F8731C4-8234-4E79-8A4D-907975028D62}.Debug|Any CPU.Build.0 = Debug|Any CPU
		{3F8731C4-8234-4E79-8A4D-907975028D62}.Release|Any CPU.ActiveCfg = Release|Any CPU
		{3F8731C4-8234-4E79-8A4D-907975028D62}.Release|Any CPU.Build.0 = Release|Any CPU
		{EF232DB0-D3EF-49D1-A1D6-D5F95C871BF0}.Debug|Any CPU.ActiveCfg = Debug|Any CPU
		{EF232DB0-D3EF-49D1-A1D6-D5F95C871BF0}.Debug|Any CPU.Build.0 = Debug|Any CPU
		{EF232DB0-D3EF-49D1-A1D6-D5F95C871BF0}.Release|Any CPU.ActiveCfg = Release|Any CPU
		{EF232DB0-D3EF-49D1-A1D6-D5F95C871BF0}.Release|Any CPU.Build.0 = Release|Any CPU
		{AB36E5E6-AD3D-4A69-9BDB-83AF30E3B458}.Debug|Any CPU.ActiveCfg = Debug|Any CPU
		{AB36E5E6-AD3D-4A69-9BDB-83AF30E3B458}.Debug|Any CPU.Build.0 = Debug|Any CPU
		{AB36E5E6-AD3D-4A69-9BDB-83AF30E3B458}.Release|Any CPU.ActiveCfg = Release|Any CPU
		{AB36E5E6-AD3D-4A69-9BDB-83AF30E3B458}.Release|Any CPU.Build.0 = Release|Any CPU
		{323D4054-D89E-42E9-9E8D-39B66C8B3515}.Debug|Any CPU.ActiveCfg = Debug|Any CPU
		{323D4054-D89E-42E9-9E8D-39B66C8B3515}.Debug|Any CPU.Build.0 = Debug|Any CPU
		{323D4054-D89E-42E9-9E8D-39B66C8B3515}.Release|Any CPU.ActiveCfg = Release|Any CPU
		{323D4054-D89E-42E9-9E8D-39B66C8B3515}.Release|Any CPU.Build.0 = Release|Any CPU
		{2C2C64EF-97C7-4D6A-89B0-B37C2A9CFEF1}.Debug|Any CPU.ActiveCfg = Debug|Any CPU
		{2C2C64EF-97C7-4D6A-89B0-B37C2A9CFEF1}.Debug|Any CPU.Build.0 = Debug|Any CPU
		{2C2C64EF-97C7-4D6A-89B0-B37C2A9CFEF1}.Release|Any CPU.ActiveCfg = Release|Any CPU
		{2C2C64EF-97C7-4D6A-89B0-B37C2A9CFEF1}.Release|Any CPU.Build.0 = Release|Any CPU
		{73D4B84A-4FBC-4FD2-B33A-B207DCDA7C7E}.Debug|Any CPU.ActiveCfg = Debug|Any CPU
		{73D4B84A-4FBC-4FD2-B33A-B207DCDA7C7E}.Debug|Any CPU.Build.0 = Debug|Any CPU
		{73D4B84A-4FBC-4FD2-B33A-B207DCDA7C7E}.Release|Any CPU.ActiveCfg = Release|Any CPU
		{73D4B84A-4FBC-4FD2-B33A-B207DCDA7C7E}.Release|Any CPU.Build.0 = Release|Any CPU
		{E1E76B63-15D8-4E2F-8265-F2480686465A}.Debug|Any CPU.ActiveCfg = Debug|Any CPU
		{E1E76B63-15D8-4E2F-8265-F2480686465A}.Debug|Any CPU.Build.0 = Debug|Any CPU
		{E1E76B63-15D8-4E2F-8265-F2480686465A}.Release|Any CPU.ActiveCfg = Release|Any CPU
		{E1E76B63-15D8-4E2F-8265-F2480686465A}.Release|Any CPU.Build.0 = Release|Any CPU
		{22C49F09-18AF-4032-BBC7-AA050440EF28}.Debug|Any CPU.ActiveCfg = Debug|Any CPU
		{22C49F09-18AF-4032-BBC7-AA050440EF28}.Debug|Any CPU.Build.0 = Debug|Any CPU
		{22C49F09-18AF-4032-BBC7-AA050440EF28}.Release|Any CPU.ActiveCfg = Release|Any CPU
		{22C49F09-18AF-4032-BBC7-AA050440EF28}.Release|Any CPU.Build.0 = Release|Any CPU
		{EB2FDE16-D07E-42B7-85BF-D4B021026860}.Debug|Any CPU.ActiveCfg = Debug|Any CPU
		{EB2FDE16-D07E-42B7-85BF-D4B021026860}.Debug|Any CPU.Build.0 = Debug|Any CPU
		{EB2FDE16-D07E-42B7-85BF-D4B021026860}.Release|Any CPU.ActiveCfg = Release|Any CPU
		{EB2FDE16-D07E-42B7-85BF-D4B021026860}.Release|Any CPU.Build.0 = Release|Any CPU
		{911EFC3B-07F9-4350-BE7E-49A45867E987}.Debug|Any CPU.ActiveCfg = Debug|Any CPU
		{911EFC3B-07F9-4350-BE7E-49A45867E987}.Debug|Any CPU.Build.0 = Debug|Any CPU
		{911EFC3B-07F9-4350-BE7E-49A45867E987}.Release|Any CPU.ActiveCfg = Release|Any CPU
		{911EFC3B-07F9-4350-BE7E-49A45867E987}.Release|Any CPU.Build.0 = Release|Any CPU
		{6BE32AF1-E33B-45B0-B7FC-31F1A50D09F6}.Debug|Any CPU.ActiveCfg = Debug|Any CPU
		{6BE32AF1-E33B-45B0-B7FC-31F1A50D09F6}.Debug|Any CPU.Build.0 = Debug|Any CPU
		{6BE32AF1-E33B-45B0-B7FC-31F1A50D09F6}.Release|Any CPU.ActiveCfg = Release|Any CPU
		{6BE32AF1-E33B-45B0-B7FC-31F1A50D09F6}.Release|Any CPU.Build.0 = Release|Any CPU
		{AF8E2F71-364F-405F-B7EF-A906AE82F9F6}.Debug|Any CPU.ActiveCfg = Debug|Any CPU
		{AF8E2F71-364F-405F-B7EF-A906AE82F9F6}.Debug|Any CPU.Build.0 = Debug|Any CPU
		{AF8E2F71-364F-405F-B7EF-A906AE82F9F6}.Release|Any CPU.ActiveCfg = Release|Any CPU
		{AF8E2F71-364F-405F-B7EF-A906AE82F9F6}.Release|Any CPU.Build.0 = Release|Any CPU
		{A986214D-EC52-4864-BF02-1FA94A3FBA60}.Debug|Any CPU.ActiveCfg = Debug|Any CPU
		{A986214D-EC52-4864-BF02-1FA94A3FBA60}.Debug|Any CPU.Build.0 = Debug|Any CPU
		{A986214D-EC52-4864-BF02-1FA94A3FBA60}.Release|Any CPU.ActiveCfg = Release|Any CPU
		{A986214D-EC52-4864-BF02-1FA94A3FBA60}.Release|Any CPU.Build.0 = Release|Any CPU
		{82740C1E-3522-49B8-950F-6993227DEE4F}.Debug|Any CPU.ActiveCfg = Debug|Any CPU
		{82740C1E-3522-49B8-950F-6993227DEE4F}.Debug|Any CPU.Build.0 = Debug|Any CPU
		{82740C1E-3522-49B8-950F-6993227DEE4F}.Release|Any CPU.ActiveCfg = Release|Any CPU
		{82740C1E-3522-49B8-950F-6993227DEE4F}.Release|Any CPU.Build.0 = Release|Any CPU
	EndGlobalSection
	GlobalSection(SolutionProperties) = preSolution
		HideSolutionNode = FALSE
	EndGlobalSection
	GlobalSection(ExtensibilityGlobals) = postSolution
		SolutionGuid = {61974B32-6599-447D-803F-EE3B93249E6E}
	EndGlobalSection
EndGlobal
